
Microsoft Visual Studio Solution File, Format Version 12.00
Project("{FAE04EC0-301F-11D3-BF4B-00C04F79EFBC}") = "backend-famLogitech-aw", "backend-famLogitech-aw\backend-famLogitech-aw.csproj", "{DDD3388B-5776-4BF1-8B59-1403E0B90913}"
EndProject
Global
	GlobalSection(SolutionConfigurationPlatforms) = preSolution
		Debug|Any CPU = Debug|Any CPU
		Release|Any CPU = Release|Any CPU
	EndGlobalSection
	GlobalSection(ProjectConfigurationPlatforms) = postSolution
		{DDD3388B-5776-4BF1-8B59-1403E0B90913}.Debug|Any CPU.ActiveCfg = Debug|Any CPU
		{DDD3388B-5776-4BF1-8B59-1403E0B90913}.Debug|Any CPU.Build.0 = Debug|Any CPU
		{DDD3388B-5776-4BF1-8B59-1403E0B90913}.Release|Any CPU.ActiveCfg = Release|Any CPU
		{DDD3388B-5776-4BF1-8B59-1403E0B90913}.Release|Any CPU.Build.0 = Release|Any CPU
	EndGlobalSection
EndGlobal
